
Microsoft Visual Studio Solution File, Format Version 12.00
# Visual Studio Version 17
VisualStudioVersion = 17.8.34330.188
MinimumVisualStudioVersion = 10.0.40219.1
Project("{9A19103F-16F7-4668-BE54-9A1E7A4F7556}") = "BookStoreWebApi", "BookStoreWebApi\BookStoreWebApi.csproj", "{9B332CFF-3DA9-48B6-8BE8-BEC6273D3DF0}"
EndProject
Project("{2150E333-8FDC-42A3-9474-1A3956D46DE8}") = "Tests", "Tests", "{E17F104B-4149-4585-B7BA-4DB8099EB6A0}"
EndProject
Project("{FAE04EC0-301F-11D3-BF4B-00C04F79EFBC}") = "WebApi.UnitTests", "Tests\WebApi.UnitTests\WebApi.UnitTests.csproj", "{69C68061-DFF8-4623-B49C-15EEFFF823E0}"
EndProject
Global
	GlobalSection(SolutionConfigurationPlatforms) = preSolution
		Debug|Any CPU = Debug|Any CPU
		Debug|x64 = Debug|x64
		Debug|x86 = Debug|x86
		Release|Any CPU = Release|Any CPU
		Release|x64 = Release|x64
		Release|x86 = Release|x86
	EndGlobalSection
	GlobalSection(ProjectConfigurationPlatforms) = postSolution
		{9B332CFF-3DA9-48B6-8BE8-BEC6273D3DF0}.Debug|Any CPU.ActiveCfg = Debug|Any CPU
		{9B332CFF-3DA9-48B6-8BE8-BEC6273D3DF0}.Debug|Any CPU.Build.0 = Debug|Any CPU
		{9B332CFF-3DA9-48B6-8BE8-BEC6273D3DF0}.Debug|x64.ActiveCfg = Debug|Any CPU
		{9B332CFF-3DA9-48B6-8BE8-BEC6273D3DF0}.Debug|x64.Build.0 = Debug|Any CPU
		{9B332CFF-3DA9-48B6-8BE8-BEC6273D3DF0}.Debug|x86.ActiveCfg = Debug|Any CPU
		{9B332CFF-3DA9-48B6-8BE8-BEC6273D3DF0}.Debug|x86.Build.0 = Debug|Any CPU
		{9B332CFF-3DA9-48B6-8BE8-BEC6273D3DF0}.Release|Any CPU.ActiveCfg = Release|Any CPU
		{9B332CFF-3DA9-48B6-8BE8-BEC6273D3DF0}.Release|Any CPU.Build.0 = Release|Any CPU
		{9B332CFF-3DA9-48B6-8BE8-BEC6273D3DF0}.Release|x64.ActiveCfg = Release|Any CPU
		{9B332CFF-3DA9-48B6-8BE8-BEC6273D3DF0}.Release|x64.Build.0 = Release|Any CPU
		{9B332CFF-3DA9-48B6-8BE8-BEC6273D3DF0}.Release|x86.ActiveCfg = Release|Any CPU
		{9B332CFF-3DA9-48B6-8BE8-BEC6273D3DF0}.Release|x86.Build.0 = Release|Any CPU
		{69C68061-DFF8-4623-B49C-15EEFFF823E0}.Debug|Any CPU.ActiveCfg = Debug|Any CPU
		{69C68061-DFF8-4623-B49C-15EEFFF823E0}.Debug|Any CPU.Build.0 = Debug|Any CPU
		{69C68061-DFF8-4623-B49C-15EEFFF823E0}.Debug|x64.ActiveCfg = Debug|Any CPU
		{69C68061-DFF8-4623-B49C-15EEFFF823E0}.Debug|x64.Build.0 = Debug|Any CPU
		{69C68061-DFF8-4623-B49C-15EEFFF823E0}.Debug|x86.ActiveCfg = Debug|Any CPU
		{69C68061-DFF8-4623-B49C-15EEFFF823E0}.Debug|x86.Build.0 = Debug|Any CPU
		{69C68061-DFF8-4623-B49C-15EEFFF823E0}.Release|Any CPU.ActiveCfg = Release|Any CPU
		{69C68061-DFF8-4623-B49C-15EEFFF823E0}.Release|Any CPU.Build.0 = Release|Any CPU
		{69C68061-DFF8-4623-B49C-15EEFFF823E0}.Release|x64.ActiveCfg = Release|Any CPU
		{69C68061-DFF8-4623-B49C-15EEFFF823E0}.Release|x64.Build.0 = Release|Any CPU
		{69C68061-DFF8-4623-B49C-15EEFFF823E0}.Release|x86.ActiveCfg = Release|Any CPU
		{69C68061-DFF8-4623-B49C-15EEFFF823E0}.Release|x86.Build.0 = Release|Any CPU
	EndGlobalSection
	GlobalSection(SolutionProperties) = preSolution
		HideSolutionNode = FALSE
	EndGlobalSection
	GlobalSection(NestedProjects) = preSolution
		{69C68061-DFF8-4623-B49C-15EEFFF823E0} = {E17F104B-4149-4585-B7BA-4DB8099EB6A0}
	EndGlobalSection
	GlobalSection(ExtensibilityGlobals) = postSolution
		SolutionGuid = {CB807046-A0BB-481F-983C-8DEB7A8C18AE}
	EndGlobalSection
EndGlobal
